{
  "requires": true,
  "lockfileVersion": 1,
  "dependencies": {
    "creditable": {
      "version": "1.0.10",
      "resolved": "https://registry.npmjs.org/creditable/-/creditable-1.0.10.tgz",
      "integrity": "sha1-Z8ONM+WHBWUNTGdiGLI9HLT4+HQ=",
      "requires": {
        "shoestring": "2.0.1"
      }
    },
    "jquery": {
      "version": "3.3.1",
      "resolved": "https://registry.npmjs.org/jquery/-/jquery-3.3.1.tgz",
      "integrity": "sha512-Ubldcmxp5np52/ENotGxlLe6aGMvmF4R8S6tZjsP6Knsaxd/xp3Zrh50cG93lR6nPXyUFwzN3ZSOQI0wRJNdGg=="
    },
    "politespace": {
      "version": "1.0.2",
      "resolved": "https://registry.npmjs.org/politespace/-/politespace-1.0.2.tgz",
      "integrity": "sha1-2mJq6+LlsSUl7oYl2qVYAGR5vek=",
      "requires": {
        "creditable": "1.0.10",
        "jquery": "3.3.1"
      }
    },
    "shoestring": {
      "version": "2.0.1",
      "resolved": "https://registry.npmjs.org/shoestring/-/shoestring-2.0.1.tgz",
      "integrity": "sha512-F2jX6NN5OtZLzmt2Pnsfr4YZf7+H+3oZMTgRubtcS9Q+RuH0jZZASNsHkbrosX3GlHHfCF6QJgih+pxEY/pXhQ=="
    }
  }
}
