# THIS IS AN AUTOGENERATED FILE. DO NOT EDIT THIS FILE DIRECTLY.
# yarn lockfile v1


creditable@^1.0.10:
  version "1.0.10"
  resolved "https://registry.yarnpkg.com/creditable/-/creditable-1.0.10.tgz#67c38d33e58705650d4c676218b23d1cb4f8f874"
  dependencies:
    shoestring "^2.0.1"

jquery@^3.0.0:
  version "3.3.1"
  resolved "https://registry.yarnpkg.com/jquery/-/jquery-3.3.1.tgz#958ce29e81c9790f31be7792df5d4d95fc57fbca"

politespace@^1.0.2:
  version "1.0.2"
  resolved "https://registry.yarnpkg.com/politespace/-/politespace-1.0.2.tgz#da626aebe2e5b12525ee8625daa558006479bde9"
  dependencies:
    creditable "^1.0.10"
    jquery "^3.0.0"

shoestring@^2.0.1:
  version "2.0.1"
  resolved "https://registry.yarnpkg.com/shoestring/-/shoestring-2.0.1.tgz#7dd35a600b7e5826788124452c4a8acf64648b06"
